{
  "name": "untitled1",
  "lockfileVersion": 2,
  "requires": true,
  "packages": {
    "": {
      "dependencies": {
        "@types/lodash.debounce": "^4.0.6"
      }
    },
    "node_modules/@types/lodash": {
      "version": "4.14.180",
      "resolved": "https://registry.npmjs.org/@types/lodash/-/lodash-4.14.180.tgz",
      "integrity": "sha512-XOKXa1KIxtNXgASAnwj7cnttJxS4fksBRywK/9LzRV5YxrF80BXZIGeQSuoESQ/VkUj30Ae0+YcuHc15wJCB2g=="
    },
    "node_modules/@types/lodash.debounce": {
      "version": "4.0.6",
      "resolved": "https://registry.npmjs.org/@types/lodash.debounce/-/lodash.debounce-4.0.6.tgz",
      "integrity": "sha512-4WTmnnhCfDvvuLMaF3KV4Qfki93KebocUF45msxhYyjMttZDQYzHkO639ohhk8+oco2cluAFL3t5+Jn4mleylQ==",
      "dependencies": {
        "@types/lodash": "*"
      }
    }
  },
  "dependencies": {
    "@types/lodash": {
      "version": "4.14.180",
      "resolved": "https://registry.npmjs.org/@types/lodash/-/lodash-4.14.180.tgz",
      "integrity": "sha512-XOKXa1KIxtNXgASAnwj7cnttJxS4fksBRywK/9LzRV5YxrF80BXZIGeQSuoESQ/VkUj30Ae0+YcuHc15wJCB2g=="
    },
    "@types/lodash.debounce": {
      "version": "4.0.6",
      "resolved": "https://registry.npmjs.org/@types/lodash.debounce/-/lodash.debounce-4.0.6.tgz",
      "integrity": "sha512-4WTmnnhCfDvvuLMaF3KV4Qfki93KebocUF45msxhYyjMttZDQYzHkO639ohhk8+oco2cluAFL3t5+Jn4mleylQ==",
      "requires": {
        "@types/lodash": "*"
      }
    }
  }
}
